# generated by rye
# use `rye lock` or `rye sync` to update this lockfile
#
# last locked with the following flags:
#   pre: false
#   features: []
#   all-features: false
#   with-sources: false
#   generate-hashes: false
#   universal: false

-e file:.
aiohappyeyeballs==2.4.4
    # via aiohttp
aiohttp==3.11.11
    # via sonora
aiosignal==1.3.2
    # via aiohttp
annotated-types==0.5.0
    # via pydantic
async-timeout==4.0.3
    # via sonora
attrs==24.3.0
    # via aiohttp
frozenlist==1.5.0
    # via aiohttp
    # via aiosignal
grpcio==1.69.0
    # via grpcio-health-checking
    # via grpcio-reflection
    # via grpcio-tools
    # via sonora
grpcio-health-checking==1.56.2
    # via fastserve
grpcio-reflection==1.56.2
    # via fastserve
grpcio-tools==1.56.2
    # via fastserve
h11==0.14.0
    # via hypercorn
    # via wsproto
h2==4.1.0
    # via hypercorn
hpack==4.0.0
    # via h2
hypercorn==0.17.3
hyperframe==6.0.1
    # via h2
idna==3.10
    # via yarl
multidict==6.1.0
    # via aiohttp
    # via yarl
priority==2.0.0
    # via hypercorn
propcache==0.2.1
    # via aiohttp
    # via yarl
protobuf==4.23.4
    # via grpcio-health-checking
    # via grpcio-reflection
    # via grpcio-tools
pydantic==2.1.1
    # via fastserve
pydantic-core==2.4.0
    # via pydantic
setuptools==68.0.0
    # via grpcio-tools
sonora==0.2.3
    # via fastserve
typing-extensions==4.7.1
    # via pydantic
    # via pydantic-core
urllib3==1.26.20
    # via sonora
wsproto==1.2.0
    # via hypercorn
yarl==1.18.3
    # via aiohttp
